<?xml version="1.0" encoding="utf-8"?>
<Project ToolsVersion="4.0" xmlns="http://schemas.microsoft.com/developer/msbuild/2003">
  <ItemGroup>
    <ClCompile Include="Source.cpp" />
    <ClCompile Include="interproc_rw_lock_helper.cpp" />
    <ClCompile Include="interproc_rw_lock.cpp" />
  </ItemGroup>
  <ItemGroup>
    <ClInclude Include="interproc_rw_lock.h" />
    <ClInclude Include="interproc_rw_lock_helper.h" />
  </ItemGroup>
</Project>